// !$*UTF8*$!
{
	archiveVersion = 1;
	classes = {
	};
	objectVersion = 55;
	objects = {

/* Begin PBXBuildFile section */
		63496B4C27320C5C005AEA77 /* AVKitChallengeApp.swift in Sources */ = {isa = PBXBuildFile; fileRef = 63496B4B27320C5C005AEA77 /* AVKitChallengeApp.swift */; };
		63496B4E27320C5C005AEA77 /* AVKitChallengeView.swift in Sources */ = {isa = PBXBuildFile; fileRef = 63496B4D27320C5C005AEA77 /* AVKitChallengeView.swift */; };
		63496B5027320C5D005AEA77 /* Assets.xcassets in Resources */ = {isa = PBXBuildFile; fileRef = 63496B4F27320C5D005AEA77 /* Assets.xcassets */; };
		63496B5327320C5D005AEA77 /* Preview Assets.xcassets in Resources */ = {isa = PBXBuildFile; fileRef = 63496B5227320C5D005AEA77 /* Preview Assets.xcassets */; };
		63496B5B27320D88005AEA77 /* LoremSwiftum in Frameworks */ = {isa = PBXBuildFile; productRef = 63496B5A27320D88005AEA77 /* LoremSwiftum */; };
		63496B5F27320E1D005AEA77 /* AVKitChallengeModel.swift in Sources */ = {isa = PBXBuildFile; fileRef = 63496B5E27320E1D005AEA77 /* AVKitChallengeModel.swift */; };
		63496B6227320EE7005AEA77 /* AVKit.framework in Frameworks */ = {isa = PBXBuildFile; fileRef = 63496B6127320EE7005AEA77 /* AVKit.framework */; };
/* End PBXBuildFile section */

/* Begin PBXFileReference section */
		63496B4827320C5C005AEA77 /* AVKitChallenge.app */ = {isa = PBXFileReference; explicitFileType = wrapper.application; includeInIndex = 0; path = AVKitChallenge.app; sourceTree = BUILT_PRODUCTS_DIR; };
		63496B4B27320C5C005AEA77 /* AVKitChallengeApp.swift */ = {isa = PBXFileReference; lastKnownFileType = sourcecode.swift; path = AVKitChallengeApp.swift; sourceTree = "<group>"; };
		63496B4D27320C5C005AEA77 /* AVKitChallengeView.swift */ = {isa = PBXFileReference; lastKnownFileType = sourcecode.swift; path = AVKitChallengeView.swift; sourceTree = "<group>"; };
		63496B4F27320C5D005AEA77 /* Assets.xcassets */ = {isa = PBXFileReference; lastKnownFileType = folder.assetcatalog; path = Assets.xcassets; sourceTree = "<group>"; };
		63496B5227320C5D005AEA77 /* Preview Assets.xcassets */ = {isa = PBXFileReference; lastKnownFileType = folder.assetcatalog; path = "Preview Assets.xcassets"; sourceTree = "<group>"; };
		63496B5E27320E1D005AEA77 /* AVKitChallengeModel.swift */ = {isa = PBXFileReference; lastKnownFileType = sourcecode.swift; path = AVKitChallengeModel.swift; sourceTree = "<group>"; };
		63496B6127320EE7005AEA77 /* AVKit.framework */ = {isa = PBXFileReference; lastKnownFileType = wrapper.framework; name = AVKit.framework; path = System/Library/Frameworks/AVKit.framework; sourceTree = SDKROOT; };
/* End PBXFileReference section */

/* Begin PBXFrameworksBuildPhase section */
		63496B4527320C5C005AEA77 /* Frameworks */ = {
			isa = PBXFrameworksBuildPhase;
			buildActionMask = 2147483647;
			files = (
				63496B6227320EE7005AEA77 /* AVKit.framework in Frameworks */,
				63496B5B27320D88005AEA77 /* LoremSwiftum in Frameworks */,
			);
			runOnlyForDeploymentPostprocessing = 0;
		};
/* End PBXFrameworksBuildPhase section */

/* Begin PBXGroup section */
		63496B3F27320C5C005AEA77 = {
			isa = PBXGroup;
			children = (
				63496B4A27320C5C005AEA77 /* AVKitChallenge */,
				63496B4927320C5C005AEA77 /* Products */,
				63496B6027320EE7005AEA77 /* Frameworks */,
			);
			sourceTree = "<group>";
		};
		63496B4927320C5C005AEA77 /* Products */ = {
			isa = PBXGroup;
			children = (
				63496B4827320C5C005AEA77 /* AVKitChallenge.app */,
			);
			name = Products;
			sourceTree = "<group>";
		};
		63496B4A27320C5C005AEA77 /* AVKitChallenge */ = {
			isa = PBXGroup;
			children = (
				63496B4B27320C5C005AEA77 /* AVKitChallengeApp.swift */,
				63496B5C27320DFC005AEA77 /* Views */,
				63496B5D27320E05005AEA77 /* ViewModels */,
				63496B4F27320C5D005AEA77 /* Assets.xcassets */,
				63496B5127320C5D005AEA77 /* Preview Content */,
			);
			path = AVKitChallenge;
			sourceTree = "<group>";
		};
		63496B5127320C5D005AEA77 /* Preview Content */ = {
			isa = PBXGroup;
			children = (
				63496B5227320C5D005AEA77 /* Preview Assets.xcassets */,
			);
			path = "Preview Content";
			sourceTree = "<group>";
		};
		63496B5C27320DFC005AEA77 /* Views */ = {
			isa = PBXGroup;
			children = (
				63496B4D27320C5C005AEA77 /* AVKitChallengeView.swift */,
			);
			path = Views;
			sourceTree = "<group>";
		};
		63496B5D27320E05005AEA77 /* ViewModels */ = {
			isa = PBXGroup;
			children = (
				63496B5E27320E1D005AEA77 /* AVKitChallengeModel.swift */,
			);
			path = ViewModels;
			sourceTree = "<group>";
		};
		63496B6027320EE7005AEA77 /* Frameworks */ = {
			isa = PBXGroup;
			children = (
				63496B6127320EE7005AEA77 /* AVKit.framework */,
			);
			name = Frameworks;
			sourceTree = "<group>";
		};
/* End PBXGroup section */

/* Begin PBXNativeTarget section */
		63496B4727320C5C005AEA77 /* AVKitChallenge */ = {
			isa = PBXNativeTarget;
			buildConfigurationList = 63496B5627320C5D005AEA77 /* Build configuration list for PBXNativeTarget "AVKitChallenge" */;
			buildPhases = (
				63496B4427320C5C005AEA77 /* Sources */,
				63496B4527320C5C005AEA77 /* Frameworks */,
				63496B4627320C5C005AEA77 /* Resources */,
			);
			buildRules = (
			);
			dependencies = (
			);
			name = AVKitChallenge;
			packageProductDependencies = (
				63496B5A27320D88005AEA77 /* LoremSwiftum */,
			);
			productName = AVKitChallenge;
			productReference = 63496B4827320C5C005AEA77 /* AVKitChallenge.app */;
			productType = "com.apple.product-type.application";
		};
/* End PBXNativeTarget section */

/* Begin PBXProject section */
		63496B4027320C5C005AEA77 /* Project object */ = {
			isa = PBXProject;
			attributes = {
				BuildIndependentTargetsInParallel = 1;
				LastSwiftUpdateCheck = 1310;
				LastUpgradeCheck = 1310;
				TargetAttributes = {
					63496B4727320C5C005AEA77 = {
						CreatedOnToolsVersion = 13.1;
					};
				};
			};
			buildConfigurationList = 63496B4327320C5C005AEA77 /* Build configuration list for PBXProject "AVKitChallenge" */;
			compatibilityVersion = "Xcode 13.0";
			developmentRegion = en;
			hasScannedForEncodings = 0;
			knownRegions = (
				en,
				Base,
			);
			mainGroup = 63496B3F27320C5C005AEA77;
			packageReferences = (
				63496B5927320D88005AEA77 /* XCRemoteSwiftPackageReference "LoremSwiftum" */,
			);
			productRefGroup = 63496B4927320C5C005AEA77 /* Products */;
			projectDirPath = "";
			projectRoot = "";
			targets = (
				63496B4727320C5C005AEA77 /* AVKitChallenge */,
			);
		};
/* End PBXProject section */

/* Begin PBXResourcesBuildPhase section */
		63496B4627320C5C005AEA77 /* Resources */ = {
			isa = PBXResourcesBuildPhase;
			buildActionMask = 2147483647;
			files = (
				63496B5327320C5D005AEA77 /* Preview Assets.xcassets in Resources */,
				63496B5027320C5D005AEA77 /* Assets.xcassets in Resources */,
			);
			runOnlyForDeploymentPostprocessing = 0;
		};
/* End PBXResourcesBuildPhase section */

/* Begin PBXSourcesBuildPhase section */
		63496B4427320C5C005AEA77 /* Sources */ = {
			isa = PBXSourcesBuildPhase;
			buildActionMask = 2147483647;
			files = (
				63496B4E27320C5C005AEA77 /* AVKitChallengeView.swift in Sources */,
				63496B4C27320C5C005AEA77 /* AVKitChallengeApp.swift in Sources */,
				63496B5F27320E1D005AEA77 /* AVKitChallengeModel.swift in Sources */,
			);
			runOnlyForDeploymentPostprocessing = 0;
		};
/* End PBXSourcesBuildPhase section */

/* Begin XCBuildConfiguration section */
		63496B5427320C5D005AEA77 /* Debug */ = {
			isa = XCBuildConfiguration;
			buildSettings = {
				ALWAYS_SEARCH_USER_PATHS = NO;
				CLANG_ANALYZER_NONNULL = YES;
				CLANG_ANALYZER_NUMBER_OBJECT_CONVERSION = YES_AGGRESSIVE;
				CLANG_CXX_LANGUAGE_STANDARD = "gnu++17";
				CLANG_CXX_LIBRARY = "libc++";
				CLANG_ENABLE_MODULES = YES;
				CLANG_ENABLE_OBJC_ARC = YES;
				CLANG_ENABLE_OBJC_WEAK = YES;
				CLANG_WARN_BLOCK_CAPTURE_AUTORELEASING = YES;
				CLANG_WARN_BOOL_CONVERSION = YES;
				CLANG_WARN_COMMA = YES;
				CLANG_WARN_CONSTANT_CONVERSION = YES;
				CLANG_WARN_DEPRECATED_OBJC_IMPLEMENTATIONS = YES;
				CLANG_WARN_DIRECT_OBJC_ISA_USAGE = YES_ERROR;
				CLANG_WARN_DOCUMENTATION_COMMENTS = YES;
				CLANG_WARN_EMPTY_BODY = YES;
				CLANG_WARN_ENUM_CONVERSION = YES;
				CLANG_WARN_INFINITE_RECURSION = YES;
				CLANG_WARN_INT_CONVERSION = YES;
				CLANG_WARN_NON_LITERAL_NULL_CONVERSION = YES;
				CLANG_WARN_OBJC_IMPLICIT_RETAIN_SELF = YES;
				CLANG_WARN_OBJC_LITERAL_CONVERSION = YES;
				CLANG_WARN_OBJC_ROOT_CLASS = YES_ERROR;
				CLANG_WARN_QUOTED_INCLUDE_IN_FRAMEWORK_HEADER = YES;
				CLANG_WARN_RANGE_LOOP_ANALYSIS = YES;
				CLANG_WARN_STRICT_PROTOTYPES = YES;
				CLANG_WARN_SUSPICIOUS_MOVE = YES;
				CLANG_WARN_UNGUARDED_AVAILABILITY = YES_AGGRESSIVE;
				CLANG_WARN_UNREACHABLE_CODE = YES;
				CLANG_WARN__DUPLICATE_METHOD_MATCH = YES;
				COPY_PHASE_STRIP = NO;
				DEBUG_INFORMATION_FORMAT = dwarf;
				ENABLE_STRICT_OBJC_MSGSEND = YES;
				ENABLE_TESTABILITY = YES;
				GCC_C_LANGUAGE_STANDARD = gnu11;
				GCC_DYNAMIC_NO_PIC = NO;
				GCC_NO_COMMON_BLOCKS = YES;
				GCC_OPTIMIZATION_LEVEL = 0;
				GCC_PREPROCESSOR_DEFINITIONS = (
					"DEBUG=1",
					"$(inherited)",
				);
				GCC_WARN_64_TO_32_BIT_CONVERSION = YES;
				GCC_WARN_ABOUT_RETURN_TYPE = YES_ERROR;
				GCC_WARN_UNDECLARED_SELECTOR = YES;
				GCC_WARN_UNINITIALIZED_AUTOS = YES_AGGRESSIVE;
				GCC_WARN_UNUSED_FUNCTION = YES;
				GCC_WARN_UNUSED_VARIABLE = YES;
				IPHONEOS_DEPLOYMENT_TARGET = 15.0;
				MTL_ENABLE_DEBUG_INFO = INCLUDE_SOURCE;
				MTL_FAST_MATH = YES;
				ONLY_ACTIVE_ARCH = YES;
				SDKROOT = iphoneos;
				SWIFT_ACTIVE_COMPILATION_CONDITIONS = DEBUG;
				SWIFT_OPTIMIZATION_LEVEL = "-Onone";
			};
			name = Debug;
		};
		63496B5527320C5D005AEA77 /* Release */ = {
			isa = XCBuildConfiguration;
			buildSettings = {
				ALWAYS_SEARCH_USER_PATHS = NO;
				CLANG_ANALYZER_NONNULL = YES;
				CLANG_ANALYZER_NUMBER_OBJECT_CONVERSION = YES_AGGRESSIVE;
				CLANG_CXX_LANGUAGE_STANDARD = "gnu++17";
				CLANG_CXX_LIBRARY = "libc++";
				CLANG_ENABLE_MODULES = YES;
				CLANG_ENABLE_OBJC_ARC = YES;
				CLANG_ENABLE_OBJC_WEAK = YES;
				CLANG_WARN_BLOCK_CAPTURE_AUTORELEASING = YES;
				CLANG_WARN_BOOL_CONVERSION = YES;
				CLANG_WARN_COMMA = YES;
				CLANG_WARN_CONSTANT_CONVERSION = YES;
				CLANG_WARN_DEPRECATED_OBJC_IMPLEMENTATIONS = YES;
				CLANG_WARN_DIRECT_OBJC_ISA_USAGE = YES_ERROR;
				CLANG_WARN_DOCUMENTATION_COMMENTS = YES;
				CLANG_WARN_EMPTY_BODY = YES;
				CLANG_WARN_ENUM_CONVERSION = YES;
				CLANG_WARN_INFINITE_RECURSION = YES;
				CLANG_WARN_INT_CONVERSION = YES;
				CLANG_WARN_NON_LITERAL_NULL_CONVERSION = YES;
				CLANG_WARN_OBJC_IMPLICIT_RETAIN_SELF = YES;
				CLANG_WARN_OBJC_LITERAL_CONVERSION = YES;
				CLANG_WARN_OBJC_ROOT_CLASS = YES_ERROR;
				CLANG_WARN_QUOTED_INCLUDE_IN_FRAMEWORK_HEADER = YES;
				CLANG_WARN_RANGE_LOOP_ANALYSIS = YES;
				CLANG_WARN_STRICT_PROTOTYPES = YES;
				CLANG_WARN_SUSPICIOUS_MOVE = YES;
				CLANG_WARN_UNGUARDED_AVAILABILITY = YES_AGGRESSIVE;
				CLANG_WARN_UNREACHABLE_CODE = YES;
				CLANG_WARN__DUPLICATE_METHOD_MATCH = YES;
				COPY_PHASE_STRIP = NO;
				DEBUG_INFORMATION_FORMAT = "dwarf-with-dsym";
				ENABLE_NS_ASSERTIONS = NO;
				ENABLE_STRICT_OBJC_MSGSEND = YES;
				GCC_C_LANGUAGE_STANDARD = gnu11;
				GCC_NO_COMMON_BLOCKS = YES;
				GCC_WARN_64_TO_32_BIT_CONVERSION = YES;
				GCC_WARN_ABOUT_RETURN_TYPE = YES_ERROR;
				GCC_WARN_UNDECLARED_SELECTOR = YES;
				GCC_WARN_UNINITIALIZED_AUTOS = YES_AGGRESSIVE;
				GCC_WARN_UNUSED_FUNCTION = YES;
				GCC_WARN_UNUSED_VARIABLE = YES;
				IPHONEOS_DEPLOYMENT_TARGET = 15.0;
				MTL_ENABLE_DEBUG_INFO = NO;
				MTL_FAST_MATH = YES;
				SDKROOT = iphoneos;
				SWIFT_COMPILATION_MODE = wholemodule;
				SWIFT_OPTIMIZATION_LEVEL = "-O";
				VALIDATE_PRODUCT = YES;
			};
			name = Release;
		};
		63496B5727320C5D005AEA77 /* Debug */ = {
			isa = XCBuildConfiguration;
			buildSettings = {
				ASSETCATALOG_COMPILER_APPICON_NAME = AppIcon;
				ASSETCATALOG_COMPILER_GLOBAL_ACCENT_COLOR_NAME = AccentColor;
				CODE_SIGN_STYLE = Automatic;
				CURRENT_PROJECT_VERSION = 1;
				DEVELOPMENT_ASSET_PATHS = "\"AVKitChallenge/Preview Content\"";
				ENABLE_PREVIEWS = YES;
				GENERATE_INFOPLIST_FILE = YES;
				INFOPLIST_KEY_UIApplicationSceneManifest_Generation = YES;
				INFOPLIST_KEY_UIApplicationSupportsIndirectInputEvents = YES;
				INFOPLIST_KEY_UILaunchScreen_Generation = YES;
				INFOPLIST_KEY_UISupportedInterfaceOrientations_iPad = "UIInterfaceOrientationPortrait UIInterfaceOrientationPortraitUpsideDown UIInterfaceOrientationLandscapeLeft UIInterfaceOrientationLandscapeRight";
				INFOPLIST_KEY_UISupportedInterfaceOrientations_iPhone = "UIInterfaceOrientationPortrait UIInterfaceOrientationLandscapeLeft UIInterfaceOrientationLandscapeRight";
				LD_RUNPATH_SEARCH_PATHS = (
					"$(inherited)",
					"@executable_path/Frameworks",
				);
				MARKETING_VERSION = 1.0;
				PRODUCT_BUNDLE_IDENTIFIER = com.jeffsweeney.AVKitChallenge;
				PRODUCT_NAME = "$(TARGET_NAME)";
				SWIFT_EMIT_LOC_STRINGS = YES;
				SWIFT_VERSION = 5.0;
				TARGETED_DEVICE_FAMILY = "1,2";
			};
			name = Debug;
		};
		63496B5827320C5D005AEA77 /* Release */ = {
			isa = XCBuildConfiguration;
			buildSettings = {
				ASSETCATALOG_COMPILER_APPICON_NAME = AppIcon;
				ASSETCATALOG_COMPILER_GLOBAL_ACCENT_COLOR_NAME = AccentColor;
				CODE_SIGN_STYLE = Automatic;
				CURRENT_PROJECT_VERSION = 1;
				DEVELOPMENT_ASSET_PATHS = "\"AVKitChallenge/Preview Content\"";
				ENABLE_PREVIEWS = YES;
				GENERATE_INFOPLIST_FILE = YES;
				INFOPLIST_KEY_UIApplicationSceneManifest_Generation = YES;
				INFOPLIST_KEY_UIApplicationSupportsIndirectInputEvents = YES;
				INFOPLIST_KEY_UILaunchScreen_Generation = YES;
				INFOPLIST_KEY_UISupportedInterfaceOrientations_iPad = "UIInterfaceOrientationPortrait UIInterfaceOrientationPortraitUpsideDown UIInterfaceOrientationLandscapeLeft UIInterfaceOrientationLandscapeRight";
				INFOPLIST_KEY_UISupportedInterfaceOrientations_iPhone = "UIInterfaceOrientationPortrait UIInterfaceOrientationLandscapeLeft UIInterfaceOrientationLandscapeRight";
				LD_RUNPATH_SEARCH_PATHS = (
					"$(inherited)",
					"@executable_path/Frameworks",
				);
				MARKETING_VERSION = 1.0;
				PRODUCT_BUNDLE_IDENTIFIER = com.jeffsweeney.AVKitChallenge;
				PRODUCT_NAME = "$(TARGET_NAME)";
				SWIFT_EMIT_LOC_STRINGS = YES;
				SWIFT_VERSION = 5.0;
				TARGETED_DEVICE_FAMILY = "1,2";
			};
			name = Release;
		};
/* End XCBuildConfiguration section */

/* Begin XCConfigurationList section */
		63496B4327320C5C005AEA77 /* Build configuration list for PBXProject "AVKitChallenge" */ = {
			isa = XCConfigurationList;
			buildConfigurations = (
				63496B5427320C5D005AEA77 /* Debug */,
				63496B5527320C5D005AEA77 /* Release */,
			);
			defaultConfigurationIsVisible = 0;
			defaultConfigurationName = Release;
		};
		63496B5627320C5D005AEA77 /* Build configuration list for PBXNativeTarget "AVKitChallenge" */ = {
			isa = XCConfigurationList;
			buildConfigurations = (
				63496B5727320C5D005AEA77 /* Debug */,
				63496B5827320C5D005AEA77 /* Release */,
			);
			defaultConfigurationIsVisible = 0;
			defaultConfigurationName = Release;
		};
/* End XCConfigurationList section */

/* Begin XCRemoteSwiftPackageReference section */
		63496B5927320D88005AEA77 /* XCRemoteSwiftPackageReference "LoremSwiftum" */ = {
			isa = XCRemoteSwiftPackageReference;
			repositoryURL = "https://github.com/lukaskubanek/LoremSwiftum.git";
			requirement = {
				branch = master;
				kind = branch;
			};
		};
/* End XCRemoteSwiftPackageReference section */

/* Begin XCSwiftPackageProductDependency section */
		63496B5A27320D88005AEA77 /* LoremSwiftum */ = {
			isa = XCSwiftPackageProductDependency;
			package = 63496B5927320D88005AEA77 /* XCRemoteSwiftPackageReference "LoremSwiftum" */;
			productName = LoremSwiftum;
		};
/* End XCSwiftPackageProductDependency section */
	};
	rootObject = 63496B4027320C5C005AEA77 /* Project object */;
}
